
Microsoft Visual Studio Solution File, Format Version 12.00
# Visual Studio Version 17
VisualStudioVersion = 17.6.33815.320
MinimumVisualStudioVersion = 10.0.40219.1
Project("{8BC9CEB8-8B4A-11D0-8D11-00A0C91BC942}") = "VortexSourceMethod", "VortexSourceMethod\VortexSourceMethod.vcxproj", "{D3B53D28-AAA4-456C-B6D7-38D317504E42}"
EndProject
Project("{8BC9CEB8-8B4A-11D0-8D11-00A0C91BC942}") = "PostProcessing", "PostProcessing\PostProcessing.vcxproj", "{F8E2803E-3F52-49B2-8C78-2C62EC1D61ED}"
EndProject
Project("{8BC9CEB8-8B4A-11D0-8D11-00A0C91BC942}") = "FoilDataGenerate", "FoilDataGenerate\FoilDataGenerate.vcxproj", "{2B322F6C-A082-4B6F-A614-D018EBBADE13}"
EndProject
Project("{8BC9CEB8-8B4A-11D0-8D11-00A0C91BC942}") = "OpenGL", "OpenGL\OpenGL.vcxproj", "{7B66823E-BBB4-4918-88BF-1E2C7CEA2084}"
EndProject
Global
	GlobalSection(SolutionConfigurationPlatforms) = preSolution
		Debug|x64 = Debug|x64
		Debug|x86 = Debug|x86
		Release|x64 = Release|x64
		Release|x86 = Release|x86
	EndGlobalSection
	GlobalSection(ProjectConfigurationPlatforms) = postSolution
		{D3B53D28-AAA4-456C-B6D7-38D317504E42}.Debug|x64.ActiveCfg = Debug|x64
		{D3B53D28-AAA4-456C-B6D7-38D317504E42}.Debug|x64.Build.0 = Debug|x64
		{D3B53D28-AAA4-456C-B6D7-38D317504E42}.Debug|x86.ActiveCfg = Debug|Win32
		{D3B53D28-AAA4-456C-B6D7-38D317504E42}.Debug|x86.Build.0 = Debug|Win32
		{D3B53D28-AAA4-456C-B6D7-38D317504E42}.Release|x64.ActiveCfg = Release|x64
		{D3B53D28-AAA4-456C-B6D7-38D317504E42}.Release|x64.Build.0 = Release|x64
		{D3B53D28-AAA4-456C-B6D7-38D317504E42}.Release|x86.ActiveCfg = Release|Win32
		{D3B53D28-AAA4-456C-B6D7-38D317504E42}.Release|x86.Build.0 = Release|Win32
		{F8E2803E-3F52-49B2-8C78-2C62EC1D61ED}.Debug|x64.ActiveCfg = Debug|x64
		{F8E2803E-3F52-49B2-8C78-2C62EC1D61ED}.Debug|x64.Build.0 = Debug|x64
		{F8E2803E-3F52-49B2-8C78-2C62EC1D61ED}.Debug|x86.ActiveCfg = Debug|Win32
		{F8E2803E-3F52-49B2-8C78-2C62EC1D61ED}.Debug|x86.Build.0 = Debug|Win32
		{F8E2803E-3F52-49B2-8C78-2C62EC1D61ED}.Release|x64.ActiveCfg = Release|x64
		{F8E2803E-3F52-49B2-8C78-2C62EC1D61ED}.Release|x64.Build.0 = Release|x64
		{F8E2803E-3F52-49B2-8C78-2C62EC1D61ED}.Release|x86.ActiveCfg = Release|Win32
		{F8E2803E-3F52-49B2-8C78-2C62EC1D61ED}.Release|x86.Build.0 = Release|Win32
		{2B322F6C-A082-4B6F-A614-D018EBBADE13}.Debug|x64.ActiveCfg = Debug|x64
		{2B322F6C-A082-4B6F-A614-D018EBBADE13}.Debug|x64.Build.0 = Debug|x64
		{2B322F6C-A082-4B6F-A614-D018EBBADE13}.Debug|x86.ActiveCfg = Debug|Win32
		{2B322F6C-A082-4B6F-A614-D018EBBADE13}.Debug|x86.Build.0 = Debug|Win32
		{2B322F6C-A082-4B6F-A614-D018EBBADE13}.Release|x64.ActiveCfg = Release|x64
		{2B322F6C-A082-4B6F-A614-D018EBBADE13}.Release|x64.Build.0 = Release|x64
		{2B322F6C-A082-4B6F-A614-D018EBBADE13}.Release|x86.ActiveCfg = Release|Win32
		{2B322F6C-A082-4B6F-A614-D018EBBADE13}.Release|x86.Build.0 = Release|Win32
		{7B66823E-BBB4-4918-88BF-1E2C7CEA2084}.Debug|x64.ActiveCfg = Debug|x64
		{7B66823E-BBB4-4918-88BF-1E2C7CEA2084}.Debug|x64.Build.0 = Debug|x64
		{7B66823E-BBB4-4918-88BF-1E2C7CEA2084}.Debug|x86.ActiveCfg = Debug|Win32
		{7B66823E-BBB4-4918-88BF-1E2C7CEA2084}.Debug|x86.Build.0 = Debug|Win32
		{7B66823E-BBB4-4918-88BF-1E2C7CEA2084}.Release|x64.ActiveCfg = Release|x64
		{7B66823E-BBB4-4918-88BF-1E2C7CEA2084}.Release|x64.Build.0 = Release|x64
		{7B66823E-BBB4-4918-88BF-1E2C7CEA2084}.Release|x86.ActiveCfg = Release|Win32
		{7B66823E-BBB4-4918-88BF-1E2C7CEA2084}.Release|x86.Build.0 = Release|Win32
	EndGlobalSection
	GlobalSection(SolutionProperties) = preSolution
		HideSolutionNode = FALSE
	EndGlobalSection
	GlobalSection(ExtensibilityGlobals) = postSolution
		SolutionGuid = {042B5740-78FA-45A4-9E50-1B49005C7095}
	EndGlobalSection
EndGlobal
